
Microsoft Visual Studio Solution File, Format Version 12.00
# Visual Studio Version 17
VisualStudioVersion = 17.0.31903.59
MinimumVisualStudioVersion = 10.0.40219.1
Project("{FAE04EC0-301F-11D3-BF4B-00C04F79EFBC}") = "AppTrace.Storage", "AppTrace.Storage\AppTrace.Storage.csproj", "{70DEA061-8BAF-4D11-9D0B-416DDCCCBA19}"
EndProject
Project("{FAE04EC0-301F-11D3-BF4B-00C04F79EFBC}") = "AppTrace.Collector", "AppTrace.Collector\AppTrace.Collector.csproj", "{240D92ED-E325-4E62-AF50-44BA54EB2B20}"
EndProject
Project("{FAE04EC0-301F-11D3-BF4B-00C04F79EFBC}") = "AppTrace.Common", "AppTrace.Common\AppTrace.Common.csproj", "{A88495D2-ED08-44DC-B047-DE011E43334B}"
EndProject
Project("{FAE04EC0-301F-11D3-BF4B-00C04F79EFBC}") = "AppTrace.Query.API", "AppTrace.Query.API\AppTrace.Query.API.csproj", "{CD562ED9-765C-4CC1-9A3E-22F12DCAD8C5}"
EndProject
Project("{FAE04EC0-301F-11D3-BF4B-00C04F79EFBC}") = "AppTrace.UI", "AppTrace.UI\AppTrace.UI.csproj", "{E4109F1F-7827-4C45-B499-440B4DA0514C}"
EndProject
Project("{2150E333-8FDC-42A3-9474-1A3956D46DE8}") = "Solution Items", "Solution Items", "{8EC462FD-D22E-90A8-E5CE-7E832BA40C5D}"
	ProjectSection(SolutionItems) = preProject
		Architecture.md = Architecture.md
		Dev.md = Dev.md
		HOW_TO_USE.md = HOW_TO_USE.md
		README.md = README.md
	EndProjectSection
EndProject
Project("{2150E333-8FDC-42A3-9474-1A3956D46DE8}") = "Tests", "Tests", "{02EA681E-C7D8-13C7-8484-4AC65E1B71E8}"
EndProject
Project("{FAE04EC0-301F-11D3-BF4B-00C04F79EFBC}") = "AppTrace.Collector.Tests", "Tests\AppTrace.Collector.Tests\AppTrace.Collector.Tests.csproj", "{DC1B9E9E-8E21-E190-D433-ED9DB38589B4}"
EndProject
Project("{FAE04EC0-301F-11D3-BF4B-00C04F79EFBC}") = "AppTrace.Common.Tests", "Tests\AppTrace.Common.Tests\AppTrace.Common.Tests.csproj", "{A348A764-3744-36B7-0068-087E76F13D22}"
EndProject
Project("{FAE04EC0-301F-11D3-BF4B-00C04F79EFBC}") = "AppTrace.Integration.Tests", "Tests\AppTrace.Integration.Tests\AppTrace.Integration.Tests.csproj", "{6CCBE233-4A2D-1E2E-C41D-6F6F329D3DF8}"
EndProject
Project("{FAE04EC0-301F-11D3-BF4B-00C04F79EFBC}") = "AppTrace.Storage.Tests", "Tests\AppTrace.Storage.Tests\AppTrace.Storage.Tests.csproj", "{D816C4E5-E1F3-8398-4627-04C547A4AB4D}"
EndProject
Project("{FAE04EC0-301F-11D3-BF4B-00C04F79EFBC}") = "AppTrace.UI.Tests", "Tests\AppTrace.UI.Tests\AppTrace.UI.Tests.csproj", "{9DEFC6F6-A005-9A48-BF9E-BC31516C5FA0}"
EndProject
Global
	GlobalSection(SolutionConfigurationPlatforms) = preSolution
		Debug|Any CPU = Debug|Any CPU
		Debug|x64 = Debug|x64
		Debug|x86 = Debug|x86
		Release|Any CPU = Release|Any CPU
		Release|x64 = Release|x64
		Release|x86 = Release|x86
	EndGlobalSection
	GlobalSection(ProjectConfigurationPlatforms) = postSolution
		{70DEA061-8BAF-4D11-9D0B-416DDCCCBA19}.Debug|Any CPU.ActiveCfg = Debug|Any CPU
		{70DEA061-8BAF-4D11-9D0B-416DDCCCBA19}.Debug|Any CPU.Build.0 = Debug|Any CPU
		{70DEA061-8BAF-4D11-9D0B-416DDCCCBA19}.Debug|x64.ActiveCfg = Debug|Any CPU
		{70DEA061-8BAF-4D11-9D0B-416DDCCCBA19}.Debug|x64.Build.0 = Debug|Any CPU
		{70DEA061-8BAF-4D11-9D0B-416DDCCCBA19}.Debug|x86.ActiveCfg = Debug|Any CPU
		{70DEA061-8BAF-4D11-9D0B-416DDCCCBA19}.Debug|x86.Build.0 = Debug|Any CPU
		{70DEA061-8BAF-4D11-9D0B-416DDCCCBA19}.Release|Any CPU.ActiveCfg = Release|Any CPU
		{70DEA061-8BAF-4D11-9D0B-416DDCCCBA19}.Release|Any CPU.Build.0 = Release|Any CPU
		{70DEA061-8BAF-4D11-9D0B-416DDCCCBA19}.Release|x64.ActiveCfg = Release|Any CPU
		{70DEA061-8BAF-4D11-9D0B-416DDCCCBA19}.Release|x64.Build.0 = Release|Any CPU
		{70DEA061-8BAF-4D11-9D0B-416DDCCCBA19}.Release|x86.ActiveCfg = Release|Any CPU
		{70DEA061-8BAF-4D11-9D0B-416DDCCCBA19}.Release|x86.Build.0 = Release|Any CPU
		{240D92ED-E325-4E62-AF50-44BA54EB2B20}.Debug|Any CPU.ActiveCfg = Debug|Any CPU
		{240D92ED-E325-4E62-AF50-44BA54EB2B20}.Debug|Any CPU.Build.0 = Debug|Any CPU
		{240D92ED-E325-4E62-AF50-44BA54EB2B20}.Debug|x64.ActiveCfg = Debug|Any CPU
		{240D92ED-E325-4E62-AF50-44BA54EB2B20}.Debug|x64.Build.0 = Debug|Any CPU
		{240D92ED-E325-4E62-AF50-44BA54EB2B20}.Debug|x86.ActiveCfg = Debug|Any CPU
		{240D92ED-E325-4E62-AF50-44BA54EB2B20}.Debug|x86.Build.0 = Debug|Any CPU
		{240D92ED-E325-4E62-AF50-44BA54EB2B20}.Release|Any CPU.ActiveCfg = Release|Any CPU
		{240D92ED-E325-4E62-AF50-44BA54EB2B20}.Release|Any CPU.Build.0 = Release|Any CPU
		{240D92ED-E325-4E62-AF50-44BA54EB2B20}.Release|x64.ActiveCfg = Release|Any CPU
		{240D92ED-E325-4E62-AF50-44BA54EB2B20}.Release|x64.Build.0 = Release|Any CPU
		{240D92ED-E325-4E62-AF50-44BA54EB2B20}.Release|x86.ActiveCfg = Release|Any CPU
		{240D92ED-E325-4E62-AF50-44BA54EB2B20}.Release|x86.Build.0 = Release|Any CPU
		{A88495D2-ED08-44DC-B047-DE011E43334B}.Debug|Any CPU.ActiveCfg = Debug|Any CPU
		{A88495D2-ED08-44DC-B047-DE011E43334B}.Debug|Any CPU.Build.0 = Debug|Any CPU
		{A88495D2-ED08-44DC-B047-DE011E43334B}.Debug|x64.ActiveCfg = Debug|Any CPU
		{A88495D2-ED08-44DC-B047-DE011E43334B}.Debug|x64.Build.0 = Debug|Any CPU
		{A88495D2-ED08-44DC-B047-DE011E43334B}.Debug|x86.ActiveCfg = Debug|Any CPU
		{A88495D2-ED08-44DC-B047-DE011E43334B}.Debug|x86.Build.0 = Debug|Any CPU
		{A88495D2-ED08-44DC-B047-DE011E43334B}.Release|Any CPU.ActiveCfg = Release|Any CPU
		{A88495D2-ED08-44DC-B047-DE011E43334B}.Release|Any CPU.Build.0 = Release|Any CPU
		{A88495D2-ED08-44DC-B047-DE011E43334B}.Release|x64.ActiveCfg = Release|Any CPU
		{A88495D2-ED08-44DC-B047-DE011E43334B}.Release|x64.Build.0 = Release|Any CPU
		{A88495D2-ED08-44DC-B047-DE011E43334B}.Release|x86.ActiveCfg = Release|Any CPU
		{A88495D2-ED08-44DC-B047-DE011E43334B}.Release|x86.Build.0 = Release|Any CPU
		{CD562ED9-765C-4CC1-9A3E-22F12DCAD8C5}.Debug|Any CPU.ActiveCfg = Debug|Any CPU
		{CD562ED9-765C-4CC1-9A3E-22F12DCAD8C5}.Debug|Any CPU.Build.0 = Debug|Any CPU
		{CD562ED9-765C-4CC1-9A3E-22F12DCAD8C5}.Debug|x64.ActiveCfg = Debug|Any CPU
		{CD562ED9-765C-4CC1-9A3E-22F12DCAD8C5}.Debug|x64.Build.0 = Debug|Any CPU
		{CD562ED9-765C-4CC1-9A3E-22F12DCAD8C5}.Debug|x86.ActiveCfg = Debug|Any CPU
		{CD562ED9-765C-4CC1-9A3E-22F12DCAD8C5}.Debug|x86.Build.0 = Debug|Any CPU
		{CD562ED9-765C-4CC1-9A3E-22F12DCAD8C5}.Release|Any CPU.ActiveCfg = Release|Any CPU
		{CD562ED9-765C-4CC1-9A3E-22F12DCAD8C5}.Release|Any CPU.Build.0 = Release|Any CPU
		{CD562ED9-765C-4CC1-9A3E-22F12DCAD8C5}.Release|x64.ActiveCfg = Release|Any CPU
		{CD562ED9-765C-4CC1-9A3E-22F12DCAD8C5}.Release|x64.Build.0 = Release|Any CPU
		{CD562ED9-765C-4CC1-9A3E-22F12DCAD8C5}.Release|x86.ActiveCfg = Release|Any CPU
		{CD562ED9-765C-4CC1-9A3E-22F12DCAD8C5}.Release|x86.Build.0 = Release|Any CPU
		{E4109F1F-7827-4C45-B499-440B4DA0514C}.Debug|Any CPU.ActiveCfg = Debug|Any CPU
		{E4109F1F-7827-4C45-B499-440B4DA0514C}.Debug|Any CPU.Build.0 = Debug|Any CPU
		{E4109F1F-7827-4C45-B499-440B4DA0514C}.Debug|x64.ActiveCfg = Debug|Any CPU
		{E4109F1F-7827-4C45-B499-440B4DA0514C}.Debug|x64.Build.0 = Debug|Any CPU
		{E4109F1F-7827-4C45-B499-440B4DA0514C}.Debug|x86.ActiveCfg = Debug|Any CPU
		{E4109F1F-7827-4C45-B499-440B4DA0514C}.Debug|x86.Build.0 = Debug|Any CPU
		{E4109F1F-7827-4C45-B499-440B4DA0514C}.Release|Any CPU.ActiveCfg = Release|Any CPU
		{E4109F1F-7827-4C45-B499-440B4DA0514C}.Release|Any CPU.Build.0 = Release|Any CPU
		{E4109F1F-7827-4C45-B499-440B4DA0514C}.Release|x64.ActiveCfg = Release|Any CPU
		{E4109F1F-7827-4C45-B499-440B4DA0514C}.Release|x64.Build.0 = Release|Any CPU
		{E4109F1F-7827-4C45-B499-440B4DA0514C}.Release|x86.ActiveCfg = Release|Any CPU
		{E4109F1F-7827-4C45-B499-440B4DA0514C}.Release|x86.Build.0 = Release|Any CPU
		{DC1B9E9E-8E21-E190-D433-ED9DB38589B4}.Debug|Any CPU.ActiveCfg = Debug|Any CPU
		{DC1B9E9E-8E21-E190-D433-ED9DB38589B4}.Debug|Any CPU.Build.0 = Debug|Any CPU
		{DC1B9E9E-8E21-E190-D433-ED9DB38589B4}.Debug|x64.ActiveCfg = Debug|Any CPU
		{DC1B9E9E-8E21-E190-D433-ED9DB38589B4}.Debug|x64.Build.0 = Debug|Any CPU
		{DC1B9E9E-8E21-E190-D433-ED9DB38589B4}.Debug|x86.ActiveCfg = Debug|Any CPU
		{DC1B9E9E-8E21-E190-D433-ED9DB38589B4}.Debug|x86.Build.0 = Debug|Any CPU
		{DC1B9E9E-8E21-E190-D433-ED9DB38589B4}.Release|Any CPU.ActiveCfg = Release|Any CPU
		{DC1B9E9E-8E21-E190-D433-ED9DB38589B4}.Release|Any CPU.Build.0 = Release|Any CPU
		{DC1B9E9E-8E21-E190-D433-ED9DB38589B4}.Release|x64.ActiveCfg = Release|Any CPU
		{DC1B9E9E-8E21-E190-D433-ED9DB38589B4}.Release|x64.Build.0 = Release|Any CPU
		{DC1B9E9E-8E21-E190-D433-ED9DB38589B4}.Release|x86.ActiveCfg = Release|Any CPU
		{DC1B9E9E-8E21-E190-D433-ED9DB38589B4}.Release|x86.Build.0 = Release|Any CPU
		{A348A764-3744-36B7-0068-087E76F13D22}.Debug|Any CPU.ActiveCfg = Debug|Any CPU
		{A348A764-3744-36B7-0068-087E76F13D22}.Debug|Any CPU.Build.0 = Debug|Any CPU
		{A348A764-3744-36B7-0068-087E76F13D22}.Debug|x64.ActiveCfg = Debug|Any CPU
		{A348A764-3744-36B7-0068-087E76F13D22}.Debug|x64.Build.0 = Debug|Any CPU
		{A348A764-3744-36B7-0068-087E76F13D22}.Debug|x86.ActiveCfg = Debug|Any CPU
		{A348A764-3744-36B7-0068-087E76F13D22}.Debug|x86.Build.0 = Debug|Any CPU
		{A348A764-3744-36B7-0068-087E76F13D22}.Release|Any CPU.ActiveCfg = Release|Any CPU
		{A348A764-3744-36B7-0068-087E76F13D22}.Release|Any CPU.Build.0 = Release|Any CPU
		{A348A764-3744-36B7-0068-087E76F13D22}.Release|x64.ActiveCfg = Release|Any CPU
		{A348A764-3744-36B7-0068-087E76F13D22}.Release|x64.Build.0 = Release|Any CPU
		{A348A764-3744-36B7-0068-087E76F13D22}.Release|x86.ActiveCfg = Release|Any CPU
		{A348A764-3744-36B7-0068-087E76F13D22}.Release|x86.Build.0 = Release|Any CPU
		{6CCBE233-4A2D-1E2E-C41D-6F6F329D3DF8}.Debug|Any CPU.ActiveCfg = Debug|Any CPU
		{6CCBE233-4A2D-1E2E-C41D-6F6F329D3DF8}.Debug|Any CPU.Build.0 = Debug|Any CPU
		{6CCBE233-4A2D-1E2E-C41D-6F6F329D3DF8}.Debug|x64.ActiveCfg = Debug|Any CPU
		{6CCBE233-4A2D-1E2E-C41D-6F6F329D3DF8}.Debug|x64.Build.0 = Debug|Any CPU
		{6CCBE233-4A2D-1E2E-C41D-6F6F329D3DF8}.Debug|x86.ActiveCfg = Debug|Any CPU
		{6CCBE233-4A2D-1E2E-C41D-6F6F329D3DF8}.Debug|x86.Build.0 = Debug|Any CPU
		{6CCBE233-4A2D-1E2E-C41D-6F6F329D3DF8}.Release|Any CPU.ActiveCfg = Release|Any CPU
		{6CCBE233-4A2D-1E2E-C41D-6F6F329D3DF8}.Release|Any CPU.Build.0 = Release|Any CPU
		{6CCBE233-4A2D-1E2E-C41D-6F6F329D3DF8}.Release|x64.ActiveCfg = Release|Any CPU
		{6CCBE233-4A2D-1E2E-C41D-6F6F329D3DF8}.Release|x64.Build.0 = Release|Any CPU
		{6CCBE233-4A2D-1E2E-C41D-6F6F329D3DF8}.Release|x86.ActiveCfg = Release|Any CPU
		{6CCBE233-4A2D-1E2E-C41D-6F6F329D3DF8}.Release|x86.Build.0 = Release|Any CPU
		{D816C4E5-E1F3-8398-4627-04C547A4AB4D}.Debug|Any CPU.ActiveCfg = Debug|Any CPU
		{D816C4E5-E1F3-8398-4627-04C547A4AB4D}.Debug|Any CPU.Build.0 = Debug|Any CPU
		{D816C4E5-E1F3-8398-4627-04C547A4AB4D}.Debug|x64.ActiveCfg = Debug|Any CPU
		{D816C4E5-E1F3-8398-4627-04C547A4AB4D}.Debug|x64.Build.0 = Debug|Any CPU
		{D816C4E5-E1F3-8398-4627-04C547A4AB4D}.Debug|x86.ActiveCfg = Debug|Any CPU
		{D816C4E5-E1F3-8398-4627-04C547A4AB4D}.Debug|x86.Build.0 = Debug|Any CPU
		{D816C4E5-E1F3-8398-4627-04C547A4AB4D}.Release|Any CPU.ActiveCfg = Release|Any CPU
		{D816C4E5-E1F3-8398-4627-04C547A4AB4D}.Release|Any CPU.Build.0 = Release|Any CPU
		{D816C4E5-E1F3-8398-4627-04C547A4AB4D}.Release|x64.ActiveCfg = Release|Any CPU
		{D816C4E5-E1F3-8398-4627-04C547A4AB4D}.Release|x64.Build.0 = Release|Any CPU
		{D816C4E5-E1F3-8398-4627-04C547A4AB4D}.Release|x86.ActiveCfg = Release|Any CPU
		{D816C4E5-E1F3-8398-4627-04C547A4AB4D}.Release|x86.Build.0 = Release|Any CPU
		{9DEFC6F6-A005-9A48-BF9E-BC31516C5FA0}.Debug|Any CPU.ActiveCfg = Debug|Any CPU
		{9DEFC6F6-A005-9A48-BF9E-BC31516C5FA0}.Debug|Any CPU.Build.0 = Debug|Any CPU
		{9DEFC6F6-A005-9A48-BF9E-BC31516C5FA0}.Debug|x64.ActiveCfg = Debug|Any CPU
		{9DEFC6F6-A005-9A48-BF9E-BC31516C5FA0}.Debug|x64.Build.0 = Debug|Any CPU
		{9DEFC6F6-A005-9A48-BF9E-BC31516C5FA0}.Debug|x86.ActiveCfg = Debug|Any CPU
		{9DEFC6F6-A005-9A48-BF9E-BC31516C5FA0}.Debug|x86.Build.0 = Debug|Any CPU
		{9DEFC6F6-A005-9A48-BF9E-BC31516C5FA0}.Release|Any CPU.ActiveCfg = Release|Any CPU
		{9DEFC6F6-A005-9A48-BF9E-BC31516C5FA0}.Release|Any CPU.Build.0 = Release|Any CPU
		{9DEFC6F6-A005-9A48-BF9E-BC31516C5FA0}.Release|x64.ActiveCfg = Release|Any CPU
		{9DEFC6F6-A005-9A48-BF9E-BC31516C5FA0}.Release|x64.Build.0 = Release|Any CPU
		{9DEFC6F6-A005-9A48-BF9E-BC31516C5FA0}.Release|x86.ActiveCfg = Release|Any CPU
		{9DEFC6F6-A005-9A48-BF9E-BC31516C5FA0}.Release|x86.Build.0 = Release|Any CPU
	EndGlobalSection
	GlobalSection(SolutionProperties) = preSolution
		HideSolutionNode = FALSE
	EndGlobalSection
	GlobalSection(NestedProjects) = preSolution
		{DC1B9E9E-8E21-E190-D433-ED9DB38589B4} = {02EA681E-C7D8-13C7-8484-4AC65E1B71E8}
		{A348A764-3744-36B7-0068-087E76F13D22} = {02EA681E-C7D8-13C7-8484-4AC65E1B71E8}
		{6CCBE233-4A2D-1E2E-C41D-6F6F329D3DF8} = {02EA681E-C7D8-13C7-8484-4AC65E1B71E8}
		{D816C4E5-E1F3-8398-4627-04C547A4AB4D} = {02EA681E-C7D8-13C7-8484-4AC65E1B71E8}
		{9DEFC6F6-A005-9A48-BF9E-BC31516C5FA0} = {02EA681E-C7D8-13C7-8484-4AC65E1B71E8}
	EndGlobalSection
	GlobalSection(ExtensibilityGlobals) = postSolution
		SolutionGuid = {1A804F0A-FF80-4FB5-BEE1-72B0B96EC2C9}
	EndGlobalSection
EndGlobal
